{
  "nodes": {
    "herdr": {
      "inputs": {
        "nixpkgs": [
          "nixpkgs"
        ],
        "rust-overlay": [
          "rust-overlay"
        ]
      },
      "locked": {
        "lastModified": 1784161737,
        "narHash": "sha256-ZMjbwQkE7fsn71uRM7tPDwwEb7PG0st9Xk8d2gN7Ts8=",
        "owner": "ogulcancelik",
        "repo": "herdr",
        "rev": "9c9490d764d306b6cc093b5b3de1ccd4e6467c94",
        "type": "github"
      },
      "original": {
        "owner": "ogulcancelik",
        "repo": "herdr",
        "type": "github"
      }
    },
    "nixpkgs": {
      "locked": {
        "lastModified": 1784203038,
        "narHash": "sha256-rXDCG/4XUWemSc8iMjcxAiAeTE+hWl8fKO09khlZmqU=",
        "owner": "NixOS",
        "repo": "nixpkgs",
        "rev": "6e8b58cddc8438dbb68f8e292aa556e828685072",
        "type": "github"
      },
      "original": {
        "owner": "NixOS",
        "ref": "nixpkgs-unstable",
        "repo": "nixpkgs",
        "type": "github"
      }
    },
    "root": {
      "inputs": {
        "herdr": "herdr",
        "nixpkgs": "nixpkgs",
        "rust-overlay": "rust-overlay"
      }
    },
    "rust-overlay": {
      "inputs": {
        "nixpkgs": [
          "nixpkgs"
        ]
      },
      "locked": {
        "lastModified": 1784178955,
        "narHash": "sha256-YtXHVFBzzqSidcEhPhfTcF2yzzu0p0yA7x07LOR+LaY=",
        "owner": "oxalica",
        "repo": "rust-overlay",
        "rev": "1785b85aeccca381caf8777133410f577b8f2f59",
        "type": "github"
      },
      "original": {
        "owner": "oxalica",
        "repo": "rust-overlay",
        "type": "github"
      }
    }
  },
  "root": "root",
  "version": 7
}
