{
  "lockfileVersion": 1,
  "configVersion": 1,
  "workspaces": {
    "": {
      "name": "dotfiles-language-servers",
      "dependencies": {
        "pyright": "latest",
        "typescript": "5.9.3",
        "typescript-language-server": "latest",
        "vscode-langservers-extracted": "latest",
      },
    },
  },
  "packages": {
    "@vscode/l10n": ["@vscode/l10n@0.0.18", "", {}, "sha512-KYSIHVmslkaCDyw013pphY+d7x1qV8IZupYfeIfzNA+nsaWHbn5uPuQRvdRFsa9zFzGeudPuoGoZ1Op4jrJXIQ=="],

    "boolbase": ["boolbase@1.0.0", "", {}, "sha512-JZOSA7Mo9sNGB8+UjSgzdLtokWAky1zbztM3WRLCbZ70/3cTANmQmOdR7y2g+J0e2WXywy1yS468tY+IruqEww=="],

    "core-js": ["core-js@3.49.0", "", {}, "sha512-es1U2+YTtzpwkxVLwAFdSpaIMyQaq0PBgm3YD1W3Qpsn1NAmO3KSgZfu+oGSWVu6NvLHoHCV/aYcsE5wiB7ALg=="],

    "css-select": ["css-select@5.2.2", "", { "dependencies": { "boolbase": "^1.0.0", "css-what": "^6.1.0", "domhandler": "^5.0.2", "domutils": "^3.0.1", "nth-check": "^2.0.1" } }, "sha512-TizTzUddG/xYLA3NXodFM0fSbNizXjOKhqiQQwvhlspadZokn1KDy0NZFS0wuEubIYAV5/c1/lAr0TaaFXEXzw=="],

    "css-what": ["css-what@6.2.2", "", {}, "sha512-u/O3vwbptzhMs3L1fQE82ZSLHQQfto5gyZzwteVIEyeaY5Fc7R4dapF/BvRoSYFeqfBk4m0V1Vafq5Pjv25wvA=="],

    "dom-serializer": ["dom-serializer@2.0.0", "", { "dependencies": { "domelementtype": "^2.3.0", "domhandler": "^5.0.2", "entities": "^4.2.0" } }, "sha512-wIkAryiqt/nV5EQKqQpo3SToSOV9J0DnbJqwK7Wv/Trc92zIAYZ4FlMu+JPFW1DfGFt81ZTCGgDEabffXeLyJg=="],

    "domelementtype": ["domelementtype@2.3.0", "", {}, "sha512-OLETBj6w0OsagBwdXnPdN0cnMfF9opN69co+7ZrbfPGrdpPVNBUj02spi6B1N7wChLQiPn4CSH/zJvXw56gmHw=="],

    "domhandler": ["domhandler@5.0.3", "", { "dependencies": { "domelementtype": "^2.3.0" } }, "sha512-cgwlv/1iFQiFnU96XXgROh8xTeetsnJiDsTc7TYCLFd9+/WNkIqPTxiM/8pSd8VIrhXGTf1Ny1q1hquVqDJB5w=="],

    "domutils": ["domutils@3.2.2", "", { "dependencies": { "dom-serializer": "^2.0.0", "domelementtype": "^2.3.0", "domhandler": "^5.0.3" } }, "sha512-6kZKyUajlDuqlHKVX1w7gyslj9MPIXzIFiz/rGu35uC1wMi+kMhQwGhl4lt9unC9Vb9INnY9Z3/ZA3+FhASLaw=="],

    "entities": ["entities@4.5.0", "", {}, "sha512-V0hjH4dGPh9Ao5p0MoRY6BVqtwCjhz6vI5LT8AJ55H+4g9/4vbHx1I54fS0XuclLhDHArPQCiMjDxjaL8fPxhw=="],

    "fsevents": ["fsevents@2.3.3", "", { "os": "darwin" }, "sha512-5xoDfX+fL7faATnagmWPpbFtwh/R77WmMMqqHGS65C3vvB0YHrgF+B1YmZ3441tMj5n63k0212XNoJwzlhffQw=="],

    "he": ["he@1.2.0", "", { "bin": { "he": "bin/he" } }, "sha512-F/1DnUGPopORZi0ni+CvrCgHQ5FyEAHRLSApuYWMmrbSwoN2Mn/7k+Gl38gJnR7yyDZk6WLXwiGod1JOWNDKGw=="],

    "jsonc-parser": ["jsonc-parser@3.3.1", "", {}, "sha512-HUgH65KyejrUFPvHFPbqOY0rsFip3Bo5wb4ngvdi1EpCYWUQDC5V+Y7mZws+DLkr4M//zQJoanu1SP+87Dv1oQ=="],

    "node-html-parser": ["node-html-parser@6.1.13", "", { "dependencies": { "css-select": "^5.1.0", "he": "1.2.0" } }, "sha512-qIsTMOY4C/dAa5Q5vsobRpOOvPfC4pB61UVW2uSwZNUp0QU/jCekTal1vMmbO0DgdHeLUJpv/ARmDqErVxA3Sg=="],

    "nth-check": ["nth-check@2.1.1", "", { "dependencies": { "boolbase": "^1.0.0" } }, "sha512-lqjrjmaOoAnWfMmBPL+XNnynZh2+swxiX3WUE0s4yEHI6m+AwrK2UZOimIRl3X/4QctVqS8AiZjFqyOGrMXb/w=="],

    "picomatch": ["picomatch@2.3.2", "", {}, "sha512-V7+vQEJ06Z+c5tSye8S+nHUfI51xoXIXjHQ99cQtKUkQqqO1kO/KCJUfZXuB47h/YBlDhah2H3hdUGXn8ie0oA=="],

    "pyright": ["pyright@1.1.411", "", { "optionalDependencies": { "fsevents": "~2.3.3" }, "bin": { "pyright": "index.js", "pyright-langserver": "langserver.index.js" } }, "sha512-03S/vmS5lF1S/tVbKc2WNXCMq8JWCwta/qIYjj1jvqbQhoy+N3NgBzHTSmUlbYD6DJwqQ5XHf108QujoqeURvw=="],

    "regenerator-runtime": ["regenerator-runtime@0.13.11", "", {}, "sha512-kY1AZVr2Ra+t+piVaJ4gxaFaReZVH40AKNo7UCX6W+dEwBo/2oZJzqfuN1qLq1oL45o56cPaTXELwrTh8Fpggg=="],

    "request-light": ["request-light@0.7.0", "", {}, "sha512-lMbBMrDoxgsyO+yB3sDcrDuX85yYt7sS8BfQd11jtbW/z5ZWgLZRcEGLsLoYw7I0WSUGQBs8CC8ScIxkTX1+6Q=="],

    "semver": ["semver@7.8.5", "", { "bin": { "semver": "bin/semver.js" } }, "sha512-Y7/KDsb8LjooZpwaqGyulO6DQlksgCncchHGk+sZIY4SBvUocMBEFH5Ur1fI4dV+Jvl0w6cjvucaIi40puRioA=="],

    "typescript": ["typescript@5.9.3", "", { "bin": { "tsc": "bin/tsc", "tsserver": "bin/tsserver" } }, "sha512-jl1vZzPDinLr9eUt3J/t7V6FgNEw9QjvBPdysz9KfQDD41fQrC2Y4vKQdiaUpFT4bXlb1RHhLpp8wtm6M5TgSw=="],

    "typescript-language-server": ["typescript-language-server@5.3.0", "", { "bin": { "typescript-language-server": "lib/cli.mjs" } }, "sha512-5puofxZHgFdAYtfNpmwCAvgtaYgg8wrUnH30m7Ze3QuguId5RNRadKASpOpyDxTyUdAF51FjhTdjntLw/EuWcQ=="],

    "vscode-css-languageservice": ["vscode-css-languageservice@6.3.10", "", { "dependencies": { "@vscode/l10n": "^0.0.18", "vscode-languageserver-textdocument": "^1.0.12", "vscode-languageserver-types": "3.17.5", "vscode-uri": "^3.1.0" } }, "sha512-eq5N9Er3fC4vA9zd9EFhyBG90wtCCuXgRSpAndaOgXMh1Wgep5lBgRIeDgjZBW9pa+332yC9+49cZMW8jcL3MA=="],

    "vscode-html-languageservice": ["vscode-html-languageservice@5.6.2", "", { "dependencies": { "@vscode/l10n": "^0.0.18", "vscode-languageserver-textdocument": "^1.0.12", "vscode-languageserver-types": "^3.17.5", "vscode-uri": "^3.1.0" } }, "sha512-ulCrSnFnfQ16YzvwnYUgEbUEl/ZG7u2eV27YhvLObSHKkb8fw1Z9cgsnUwjTEeDIdJDoTDTDpxuhQwoenoLNMg=="],

    "vscode-json-languageservice": ["vscode-json-languageservice@5.7.2", "", { "dependencies": { "@vscode/l10n": "^0.0.18", "jsonc-parser": "^3.3.1", "vscode-languageserver-textdocument": "^1.0.12", "vscode-languageserver-types": "^3.17.5", "vscode-uri": "^3.1.0" } }, "sha512-WtKRDtJfFEmLrgtu+ODexOHm/6/krRF0k6t+uvkKIKW1Jh9ZIyxZQwJJwB3qhrEgvAxa37zbUg+vn+UyUK/U2w=="],

    "vscode-jsonrpc": ["vscode-jsonrpc@9.0.1", "", {}, "sha512-rfuA6T75H6m5EkbhtEPzre9pT0HPcDI2MMy4+nPFIBks5J8JBAUHD4tRYSgaBOijIEC7SRkC1kKyXTLqbmh9jw=="],

    "vscode-langservers-extracted": ["vscode-langservers-extracted@4.10.0", "", { "dependencies": { "@vscode/l10n": "^0.0.18", "core-js": "^3.20.1", "jsonc-parser": "^3.2.1", "regenerator-runtime": "^0.13.9", "request-light": "^0.7.0", "semver": "^7.6.1", "typescript": "^4.0.5", "vscode-css-languageservice": "^6.2.14", "vscode-html-languageservice": "^5.2.0", "vscode-json-languageservice": "^5.3.11", "vscode-languageserver": "^10.0.0-next.3", "vscode-languageserver-textdocument": "^1.0.11", "vscode-languageserver-types": "^3.17.5", "vscode-markdown-languageservice": "^0.5.0-alpha.6", "vscode-nls": "^5.2.0", "vscode-uri": "^3.0.8" }, "bin": { "vscode-css-language-server": "bin/vscode-css-language-server", "vscode-eslint-language-server": "bin/vscode-eslint-language-server", "vscode-html-language-server": "bin/vscode-html-language-server", "vscode-json-language-server": "bin/vscode-json-language-server", "vscode-markdown-language-server": "bin/vscode-markdown-language-server" } }, "sha512-EFf9uQI4dAKbzMQFjDvVm1xJq1DXAQvBEuEfPGrK/xzfsL5xWTfIuRr90NgfmqwO+IEt6vLZm9EOj6R66xIifg=="],

    "vscode-languageserver": ["vscode-languageserver@10.1.0", "", { "dependencies": { "vscode-languageserver-protocol": "3.18.2" }, "bin": { "installServerIntoExtension": "bin/installServerIntoExtension" } }, "sha512-9gEWpXkYGXoqG7pBnE8O8hx/yP7+Aabn4+peQ3KDicQv6qunHSWyLTud3OF0w4S2+HfDD+5HqYKiXQW9HAU6mA=="],

    "vscode-languageserver-protocol": ["vscode-languageserver-protocol@3.18.2", "", { "dependencies": { "vscode-jsonrpc": "9.0.1", "vscode-languageserver-types": "3.18.0" } }, "sha512-XRyDbT0Pp3sSNti3JmxVEUMySWCSi1hhM+/KUlCy1hV1zmrqpM1OwO12EAki8blhmLuIMpaJrYbo0OzGVfK2Qg=="],

    "vscode-languageserver-textdocument": ["vscode-languageserver-textdocument@1.0.12", "", {}, "sha512-cxWNPesCnQCcMPeenjKKsOCKQZ/L6Tv19DTRIGuLWe32lyzWhihGVJ/rcckZXJxfdKCFvRLS3fpBIsV/ZGX4zA=="],

    "vscode-languageserver-types": ["vscode-languageserver-types@3.18.0", "", {}, "sha512-8TsGPNMIMiiBdkORgRSvLjuiEIiAFtO+KssmYWxQ+uSVvlf7RjK8YKCOjPzZ+YA04jXEV7+7LvkSmHkhpNS99g=="],

    "vscode-markdown-languageservice": ["vscode-markdown-languageservice@0.5.0", "", { "dependencies": { "@vscode/l10n": "^0.0.18", "node-html-parser": "^6.1.5", "picomatch": "^2.3.1", "vscode-languageserver-protocol": "^3.17.1", "vscode-languageserver-textdocument": "^1.0.11", "vscode-uri": "^3.0.7" } }, "sha512-+DDXukKWtIHvJtj6tXeLqj8iREnylDQw4yRjY3ldv2J66/oiKRJyLLUy4YhMhfBm9Edjci6VhOSpE84AU3ZFXA=="],

    "vscode-nls": ["vscode-nls@5.2.0", "", {}, "sha512-RAaHx7B14ZU04EU31pT+rKz2/zSl7xMsfIZuo8pd+KZO6PXtQmpevpq3vxvWNcrGbdmhM/rr5Uw5Mz+NBfhVng=="],

    "vscode-uri": ["vscode-uri@3.1.0", "", {}, "sha512-/BpdSx+yCQGnCvecbyXdxHDkuk55/G3xwnC0GqY4gmQ3j+A+g8kzzgB4Nk/SINjqn6+waqw3EgbVF2QKExkRxQ=="],

    "vscode-css-languageservice/vscode-languageserver-types": ["vscode-languageserver-types@3.17.5", "", {}, "sha512-Ld1VelNuX9pdF39h2Hgaeb5hEZM2Z3jUrrMgWQAu82jMtZp7p3vJT3BzToKtZI7NgQssZje5o0zryOrhQvzQAg=="],

    "vscode-langservers-extracted/typescript": ["typescript@4.9.5", "", { "bin": { "tsc": "bin/tsc", "tsserver": "bin/tsserver" } }, "sha512-1FXk9E2Hm+QzZQ7z+McJiHL4NW1F2EzMu9Nq9i3zAaGqibafqYwCVU6WyWAuyQRRzOlxou8xZSyXLEN8oKj24g=="],
  }
}
