# @generated - this file is auto-generated by `mise lock` https://mise.jdx.dev/dev-tools/mise-lock.html

[[tools.bun]]
version = "1.3.14"
backend = "core:bun"

[tools.bun."platforms.linux-arm64"]
checksum = "sha256:a27ffb63a8310375836e0d6f668ae17fa8d8d18b88c37c821c65331973a19a3b"
url = "https://github.com/oven-sh/bun/releases/download/bun-v1.3.14/bun-linux-aarch64.zip"

[tools.bun."platforms.linux-arm64-musl"]
checksum = "sha256:b98e0ad3625c5c00d1d5b5ff55605c7adddbfae151861e68ade57b2d3b8703bb"
url = "https://github.com/oven-sh/bun/releases/download/bun-v1.3.14/bun-linux-aarch64-musl.zip"

[tools.bun."platforms.linux-x64"]
checksum = "sha256:951ee2aee855f08595aeec6225226a298d3fea83a3dcd6465c09cbccdf7e848f"
url = "https://github.com/oven-sh/bun/releases/download/bun-v1.3.14/bun-linux-x64.zip"

[tools.bun."platforms.linux-x64-baseline"]
checksum = "sha256:a063908ae08b7852ca10939bbdc6ceed3ddabce8fb9402dce83d65d73b36e6c7"
url = "https://github.com/oven-sh/bun/releases/download/bun-v1.3.14/bun-linux-x64-baseline.zip"

[tools.bun."platforms.linux-x64-musl"]
checksum = "sha256:14bd9aedeebf1dba67e8def9531c89bc989ecfdf1de42e5bfcaf1b8cd9294719"
url = "https://github.com/oven-sh/bun/releases/download/bun-v1.3.14/bun-linux-x64-musl.zip"

[tools.bun."platforms.linux-x64-musl-baseline"]
checksum = "sha256:56a7d6806cf155536c0178f0ea5fbd098e684fa509ebdb4fc0a7e19fb65382dc"
url = "https://github.com/oven-sh/bun/releases/download/bun-v1.3.14/bun-linux-x64-musl-baseline.zip"

[tools.bun."platforms.macos-arm64"]
checksum = "sha256:d8b96221828ad6f97ac7ac0ab7e95872341af763001e8803e8267652c2652620"
url = "https://github.com/oven-sh/bun/releases/download/bun-v1.3.14/bun-darwin-aarch64.zip"

[tools.bun."platforms.macos-x64"]
checksum = "sha256:4183df3374623e5bab315c547cfa0974533cd457d86b73b639f7a87974cd6633"
url = "https://github.com/oven-sh/bun/releases/download/bun-v1.3.14/bun-darwin-x64.zip"

[tools.bun."platforms.macos-x64-baseline"]
checksum = "sha256:3e35ad6f53971a9834bf9e6786e2adf72b5f1921cc9a9c5fde073d2972944076"
url = "https://github.com/oven-sh/bun/releases/download/bun-v1.3.14/bun-darwin-x64-baseline.zip"

[[tools.fzf]]
version = "0.74.1"
backend = "aqua:junegunn/fzf"

[tools.fzf."platforms.linux-arm64"]
checksum = "sha256:f22204dd1a091d43e102268d062fd53b47133c8d8581671ee5eb225b75e31183"
url = "https://github.com/junegunn/fzf/releases/download/v0.74.1/fzf-0.74.1-linux_arm64.tar.gz"
url_api = "https://api.github.com/repos/junegunn/fzf/releases/assets/481468085"

[tools.fzf."platforms.linux-x64"]
checksum = "sha256:df53438be5f51e151bb4044d78fda72bdfe209e3ecd2baecae48e8dea370c81b"
url = "https://github.com/junegunn/fzf/releases/download/v0.74.1/fzf-0.74.1-linux_amd64.tar.gz"
url_api = "https://api.github.com/repos/junegunn/fzf/releases/assets/481468039"

[tools.fzf."platforms.macos-arm64"]
checksum = "sha256:849d1d33b050f04dd6b765665e417da151b0e4654dbed8f55c60fd8e23f3ba20"
url = "https://github.com/junegunn/fzf/releases/download/v0.74.1/fzf-0.74.1-darwin_arm64.tar.gz"
url_api = "https://api.github.com/repos/junegunn/fzf/releases/assets/481468061"

[tools.fzf."platforms.macos-x64"]
checksum = "sha256:642f29fb2800690385efb176a209b14d9f593795f0f70ee12c919ee15472e439"
url = "https://github.com/junegunn/fzf/releases/download/v0.74.1/fzf-0.74.1-darwin_amd64.tar.gz"
url_api = "https://api.github.com/repos/junegunn/fzf/releases/assets/481468093"

[[tools.gh]]
version = "2.96.0"
backend = "aqua:cli/cli"

[tools.gh."platforms.linux-arm64"]
checksum = "sha256:06f86ec7103d41993b76cd78072f43595c34aaa56506d971d9860e67140bf909"
url = "https://github.com/cli/cli/releases/download/v2.96.0/gh_2.96.0_linux_arm64.tar.gz"
url_api = "https://api.github.com/repos/cli/cli/releases/assets/464728549"
provenance = "github-attestations"

[tools.gh."platforms.linux-x64"]
checksum = "sha256:83d5c2ccad5498f58bf6368acb1ab32588cf43ab3a4b1c301bf36328b1c8bd60"
url = "https://github.com/cli/cli/releases/download/v2.96.0/gh_2.96.0_linux_amd64.tar.gz"
url_api = "https://api.github.com/repos/cli/cli/releases/assets/464728543"
provenance = "github-attestations"

[tools.gh."platforms.macos-arm64"]
checksum = "sha256:f23a0c37d963aacc3bed703ccbd59b41c5ca22101fab7f00eb2b7cad23aba463"
url = "https://github.com/cli/cli/releases/download/v2.96.0/gh_2.96.0_macOS_arm64.zip"
url_api = "https://api.github.com/repos/cli/cli/releases/assets/464728562"
provenance = "github-attestations"

[tools.gh."platforms.macos-x64"]
checksum = "sha256:4bd449df9ad639391bc62b8032546f0fe9edcd8526e06682a4f88abd8c5d163c"
url = "https://github.com/cli/cli/releases/download/v2.96.0/gh_2.96.0_macOS_amd64.zip"
url_api = "https://api.github.com/repos/cli/cli/releases/assets/464728560"
provenance = "github-attestations"

[[tools.go]]
version = "1.26.5"
backend = "core:go"

[tools.go."platforms.linux-arm64"]
checksum = "sha256:fe4789e92b1f33358680864bbe8704289e7bb5fc207d80623c308935bd696d49"
url = "https://dl.google.com/go/go1.26.5.linux-arm64.tar.gz"

[tools.go."platforms.linux-x64"]
checksum = "sha256:5c2c3b16caefa1d968a94c1daca04a7ca301a496d9b086e17ad77bb81393f053"
url = "https://dl.google.com/go/go1.26.5.linux-amd64.tar.gz"

[tools.go."platforms.macos-arm64"]
checksum = "sha256:efb87ff28af9a188d0536ef5d42e63dd52ba8263cd7344a993cc48dd11dedb6a"
url = "https://dl.google.com/go/go1.26.5.darwin-arm64.tar.gz"

[tools.go."platforms.macos-x64"]
checksum = "sha256:6231d8d3b8f5552ec6cbf6d685bdd5482e1e703214b120e89b3bf0d7bf1ef725"
url = "https://dl.google.com/go/go1.26.5.darwin-amd64.tar.gz"

[[tools.herdr]]
version = "0.7.4"
backend = "aqua:ogulcancelik/herdr"

[tools.herdr."platforms.linux-arm64"]
checksum = "sha256:544e0002de42806d1ab64ccdef3a7e7414f24717b0b6b022bc9e57d2eefd26a2"
url = "https://github.com/ogulcancelik/herdr/releases/download/v0.7.4/herdr-linux-aarch64"
url_api = "https://api.github.com/repos/ogulcancelik/herdr/releases/assets/478145774"

[tools.herdr."platforms.linux-x64"]
checksum = "sha256:bc0fc02d4ba500f9cac2353a43e67fe036785ecca6eb55378e050fac3c103059"
url = "https://github.com/ogulcancelik/herdr/releases/download/v0.7.4/herdr-linux-x86_64"
url_api = "https://api.github.com/repos/ogulcancelik/herdr/releases/assets/478145777"

[tools.herdr."platforms.macos-arm64"]
checksum = "sha256:24992e1625dbdcb18354a59e299e4b263c312400b31396cdc07cd46ed57f24a7"
url = "https://github.com/ogulcancelik/herdr/releases/download/v0.7.4/herdr-macos-aarch64"
url_api = "https://api.github.com/repos/ogulcancelik/herdr/releases/assets/478145773"

[tools.herdr."platforms.macos-x64"]
checksum = "sha256:ddf430133352e1712413d5d865b34a485546f4658893fc89986257d65a7585a8"
url = "https://github.com/ogulcancelik/herdr/releases/download/v0.7.4/herdr-macos-x86_64"
url_api = "https://api.github.com/repos/ogulcancelik/herdr/releases/assets/478145775"

[[tools.lazygit]]
version = "0.63.1"
backend = "aqua:jesseduffield/lazygit"

[tools.lazygit."platforms.linux-arm64"]
checksum = "sha256:555dbc9a8efcf2e33bc24e7fbd9463e9fa375e3c5e23cc270763733c38eeae36"
url = "https://github.com/jesseduffield/lazygit/releases/download/v0.63.1/lazygit_0.63.1_linux_arm64.tar.gz"
url_api = "https://api.github.com/repos/jesseduffield/lazygit/releases/assets/477867689"

[tools.lazygit."platforms.linux-x64"]
checksum = "sha256:8e033bc78c8e192dee9510e951f6c9e154289b7198d22c924ed1d0a951b0dac1"
url = "https://github.com/jesseduffield/lazygit/releases/download/v0.63.1/lazygit_0.63.1_linux_x86_64.tar.gz"
url_api = "https://api.github.com/repos/jesseduffield/lazygit/releases/assets/477867706"

[tools.lazygit."platforms.macos-arm64"]
checksum = "sha256:b963e9d0a1f4649708c594ac6c999cdcd435f8e679e220e78e87c4642badedd6"
url = "https://github.com/jesseduffield/lazygit/releases/download/v0.63.1/lazygit_0.63.1_darwin_arm64.tar.gz"
url_api = "https://api.github.com/repos/jesseduffield/lazygit/releases/assets/477867701"

[tools.lazygit."platforms.macos-x64"]
checksum = "sha256:5cc02389cc189b1146aa330615f0c547996395ca7661e56f946670947e803006"
url = "https://github.com/jesseduffield/lazygit/releases/download/v0.63.1/lazygit_0.63.1_darwin_x86_64.tar.gz"
url_api = "https://api.github.com/repos/jesseduffield/lazygit/releases/assets/477867703"

[[tools.neovim]]
version = "0.12.4"
backend = "aqua:neovim/neovim"

[tools.neovim."platforms.linux-arm64"]
checksum = "sha256:ceb7e88c6b681f0515d135dcdfad54f5eb4373b25ce6172197cd9a69c758063f"
url = "https://github.com/neovim/neovim/releases/download/v0.12.4/nvim-linux-arm64.tar.gz"
url_api = "https://api.github.com/repos/neovim/neovim/releases/assets/467170628"

[tools.neovim."platforms.linux-x64"]
checksum = "sha256:012bf3fcac5ade43914df3f174668bf64d05e049a4f032a388c027b1ebd78628"
url = "https://github.com/neovim/neovim/releases/download/v0.12.4/nvim-linux-x86_64.tar.gz"
url_api = "https://api.github.com/repos/neovim/neovim/releases/assets/467170630"

[tools.neovim."platforms.macos-arm64"]
checksum = "sha256:51ab83afa66d663627c2ab1be43209b0f4e81360d4598b53efaa4d8195f24c89"
url = "https://github.com/neovim/neovim/releases/download/v0.12.4/nvim-macos-arm64.tar.gz"
url_api = "https://api.github.com/repos/neovim/neovim/releases/assets/467170626"

[tools.neovim."platforms.macos-x64"]
checksum = "sha256:03fe16f8dd9f1e9eaf52d5e294913a39917b9e2faea30d7fb0fb385fbd36fe59"
url = "https://github.com/neovim/neovim/releases/download/v0.12.4/nvim-macos-x86_64.tar.gz"
url_api = "https://api.github.com/repos/neovim/neovim/releases/assets/467170627"

[[tools.ripgrep]]
version = "15.2.0"
backend = "aqua:BurntSushi/ripgrep"

[tools.ripgrep."platforms.linux-arm64"]
checksum = "sha256:a740b91c82eaf9914cfedd353572f2791cbe0162c84101ee0951058f4dcbc90d"
url = "https://github.com/BurntSushi/ripgrep/releases/download/15.2.0/ripgrep-15.2.0-aarch64-unknown-linux-gnu.tar.gz"
url_api = "https://api.github.com/repos/BurntSushi/ripgrep/releases/assets/478119579"

[tools.ripgrep."platforms.linux-x64"]
checksum = "sha256:33e15bcf1624b25cdd2a55813a47a2f95dbe126268203e76aa6a585d1e7b149c"
url = "https://github.com/BurntSushi/ripgrep/releases/download/15.2.0/ripgrep-15.2.0-x86_64-unknown-linux-musl.tar.gz"
url_api = "https://api.github.com/repos/BurntSushi/ripgrep/releases/assets/478120097"

[tools.ripgrep."platforms.macos-arm64"]
checksum = "sha256:3750b2e93f37e0c692657da574d7019a101c0084da05a790c83fd335bad973e4"
url = "https://github.com/BurntSushi/ripgrep/releases/download/15.2.0/ripgrep-15.2.0-aarch64-apple-darwin.tar.gz"
url_api = "https://api.github.com/repos/BurntSushi/ripgrep/releases/assets/478118851"

[tools.ripgrep."platforms.macos-x64"]
checksum = "sha256:af7825fcc69a2afc7a7aea55fc9af90e26421d8f20fe59df32e233c0b8a231c1"
url = "https://github.com/BurntSushi/ripgrep/releases/download/15.2.0/ripgrep-15.2.0-x86_64-apple-darwin.tar.gz"
url_api = "https://api.github.com/repos/BurntSushi/ripgrep/releases/assets/478119585"

[[tools.sheldon]]
version = "0.8.5"
backend = "aqua:rossmacarthur/sheldon"

[tools.sheldon."platforms.linux-arm64"]
checksum = "sha256:1f6b792e49e259f7c313e9921c8d4ad638d827abc2c023efe0588a55678f9a3e"
url = "https://github.com/rossmacarthur/sheldon/releases/download/0.8.5/sheldon-0.8.5-aarch64-unknown-linux-musl.tar.gz"
url_api = "https://api.github.com/repos/rossmacarthur/sheldon/releases/assets/275183538"

[tools.sheldon."platforms.linux-x64"]
checksum = "sha256:80aa0be617072c278d67fd6c5fbce4903d3801d78b6abf8f058f0648d2242c78"
url = "https://github.com/rossmacarthur/sheldon/releases/download/0.8.5/sheldon-0.8.5-x86_64-unknown-linux-musl.tar.gz"
url_api = "https://api.github.com/repos/rossmacarthur/sheldon/releases/assets/275183514"

[tools.sheldon."platforms.macos-arm64"]
checksum = "sha256:6e47f10a25f165b095eb2bde1ab617d4d34ad6f3ff2ca984167ca94fadd52730"
url = "https://github.com/rossmacarthur/sheldon/releases/download/0.8.5/sheldon-0.8.5-aarch64-apple-darwin.tar.gz"
url_api = "https://api.github.com/repos/rossmacarthur/sheldon/releases/assets/275183435"

[[tools.starship]]
version = "1.26.0"
backend = "aqua:starship/starship"

[tools.starship."platforms.linux-arm64"]
checksum = "sha256:dc30189378d2f2e287384e8a692d3f95ad1df64cf0e8c36aa9201516028aed6b"
url = "https://github.com/starship/starship/releases/download/v1.26.0/starship-aarch64-unknown-linux-musl.tar.gz"
url_api = "https://api.github.com/repos/starship/starship/releases/assets/460374586"

[tools.starship."platforms.linux-x64"]
checksum = "sha256:b7c232b0e8249d8e55a40beb79c5c43a7d370f3f9408bd215deb0170daeaadf3"
url = "https://github.com/starship/starship/releases/download/v1.26.0/starship-x86_64-unknown-linux-musl.tar.gz"
url_api = "https://api.github.com/repos/starship/starship/releases/assets/460374630"

[tools.starship."platforms.macos-arm64"]
checksum = "sha256:c40b27b11f580411e068f2fa6c1be7830a387c0bc47a94d1d37f32b054c5361d"
url = "https://github.com/starship/starship/releases/download/v1.26.0/starship-aarch64-apple-darwin.tar.gz"
url_api = "https://api.github.com/repos/starship/starship/releases/assets/460374577"

[tools.starship."platforms.macos-x64"]
checksum = "sha256:5548f406a4b6f5695903bdea83f77ce47ec12c8c0e62dabd33122d8f133e4207"
url = "https://github.com/starship/starship/releases/download/v1.26.0/starship-x86_64-apple-darwin.tar.gz"
url_api = "https://api.github.com/repos/starship/starship/releases/assets/460374608"

[[tools.uv]]
version = "0.11.30"
backend = "aqua:astral-sh/uv"

[tools.uv."platforms.linux-arm64"]
checksum = "sha256:7562a40e4e08b1bfd566bd6aeca55a16ee5ac45211554543e8cdb3c395b47416"
url = "https://github.com/astral-sh/uv/releases/download/0.11.30/uv-aarch64-unknown-linux-musl.tar.gz"
url_api = "https://api.github.com/repos/astral-sh/uv/releases/assets/483891898"
provenance = "github-attestations"

[tools.uv."platforms.linux-x64"]
checksum = "sha256:023fdd3b59fccfb67b365c69fb34182aaaed1d685d367a57571e3c1468a4c70c"
url = "https://github.com/astral-sh/uv/releases/download/0.11.30/uv-x86_64-unknown-linux-musl.tar.gz"
url_api = "https://api.github.com/repos/astral-sh/uv/releases/assets/483891981"
provenance = "github-attestations"

[tools.uv."platforms.macos-arm64"]
checksum = "sha256:9bed3567d496d8dab84ecf7a1247551ac94ef1baaebb7b65df008dd93e9dc357"
url = "https://github.com/astral-sh/uv/releases/download/0.11.30/uv-aarch64-apple-darwin.tar.gz"
url_api = "https://api.github.com/repos/astral-sh/uv/releases/assets/483891875"
provenance = "github-attestations"

[tools.uv."platforms.macos-x64"]
checksum = "sha256:ce285fbbfbe294b1e1bc6c87c8b59d9622b85383b88b2b132a2df5c73e83d7c1"
url = "https://github.com/astral-sh/uv/releases/download/0.11.30/uv-x86_64-apple-darwin.tar.gz"
url_api = "https://api.github.com/repos/astral-sh/uv/releases/assets/483891965"
provenance = "github-attestations"

[[tools.zoxide]]
version = "0.10.0"
backend = "aqua:ajeetdsouza/zoxide"

[tools.zoxide."platforms.linux-arm64"]
checksum = "sha256:f1f16c5d6298d63dee467eedea1cdcd8490e43e493bea43acd416dc9033ef641"
url = "https://github.com/ajeetdsouza/zoxide/releases/download/v0.10.0/zoxide-0.10.0-aarch64-unknown-linux-musl.tar.gz"
url_api = "https://api.github.com/repos/ajeetdsouza/zoxide/releases/assets/466316402"

[tools.zoxide."platforms.linux-x64"]
checksum = "sha256:2d93385b99f3e82cf2701609a1bffcad863fbeb75aa3fe7eb6be4d29be68b1ae"
url = "https://github.com/ajeetdsouza/zoxide/releases/download/v0.10.0/zoxide-0.10.0-x86_64-unknown-linux-musl.tar.gz"
url_api = "https://api.github.com/repos/ajeetdsouza/zoxide/releases/assets/466316293"

[tools.zoxide."platforms.macos-arm64"]
checksum = "sha256:b55ae6f2f5f23d0a6ccb3bd4eeb2af9c7e0a6556e5255c82100e40305129bbb0"
url = "https://github.com/ajeetdsouza/zoxide/releases/download/v0.10.0/zoxide-0.10.0-aarch64-apple-darwin.tar.gz"
url_api = "https://api.github.com/repos/ajeetdsouza/zoxide/releases/assets/466316174"

[tools.zoxide."platforms.macos-x64"]
checksum = "sha256:18ab7ae2633ad6e2ab79a4e665cbba1e95b7c872d44523326efb793202451dad"
url = "https://github.com/ajeetdsouza/zoxide/releases/download/v0.10.0/zoxide-0.10.0-x86_64-apple-darwin.tar.gz"
url_api = "https://api.github.com/repos/ajeetdsouza/zoxide/releases/assets/466316167"
